
Microsoft Visual Studio Solution File, Format Version 12.00
# Visual Studio Version 17
VisualStudioVersion = 17.11.35312.102
MinimumVisualStudioVersion = 10.0.40219.1
Project("{2150E333-8FDC-42A3-9474-1A3956D46DE8}") = "Solution Items", "Solution Items", "{C691A397-D39F-41C1-9363-458700013A8F}"
	ProjectSection(SolutionItems) = preProject
		.editorconfig = .editorconfig
	EndProjectSection
EndProject
Project("{2150E333-8FDC-42A3-9474-1A3956D46DE8}") = "src", "src", "{6A5A000D-77B5-4254-AE5B-C92A8D854B5A}"
EndProject
Project("{2150E333-8FDC-42A3-9474-1A3956D46DE8}") = "Bootstrapper", "Bootstrapper", "{7EECE721-11A8-4A94-ACBE-15278F4DAFA6}"
EndProject
Project("{2150E333-8FDC-42A3-9474-1A3956D46DE8}") = "Modules", "Modules", "{0F5F3699-8A44-4C63-BC73-C566A00CA9C9}"
EndProject
Project("{2150E333-8FDC-42A3-9474-1A3956D46DE8}") = "Shared", "Shared", "{7EFF1467-A2D7-454A-95A6-A2CEB72963B2}"
EndProject
Project("{9A19103F-16F7-4668-BE54-9A1E7A4F7556}") = "Api", "src\Bootstrapper\Api\Api.csproj", "{01FD2C33-CBEC-416C-8021-69635ED57E86}"
EndProject
Project("{2150E333-8FDC-42A3-9474-1A3956D46DE8}") = "Catalog", "Catalog", "{81640578-474C-4D31-B972-E1CF0DDA84AF}"
EndProject
Project("{2150E333-8FDC-42A3-9474-1A3956D46DE8}") = "Basket", "Basket", "{B79F605F-62F9-4B97-B760-FAD570BA61B3}"
EndProject
Project("{2150E333-8FDC-42A3-9474-1A3956D46DE8}") = "Ordering", "Ordering", "{3D1F4ABF-418D-476A-BC2C-BAC8F46E27DE}"
EndProject
Project("{9A19103F-16F7-4668-BE54-9A1E7A4F7556}") = "Catalog", "src\Modules\Catalog\Catalog\Catalog.csproj", "{4995B41F-B751-45CC-B639-4AF4311AFCC0}"
EndProject
Project("{9A19103F-16F7-4668-BE54-9A1E7A4F7556}") = "Basket", "src\Modules\Basket\Basket\Basket.csproj", "{510F0445-453A-4472-BA03-E1F4B6E0C382}"
EndProject
Project("{9A19103F-16F7-4668-BE54-9A1E7A4F7556}") = "Ordering", "src\Modules\Ordering\Ordering\Ordering.csproj", "{C7A4D0FE-43ED-4B1D-91C1-0FE4C1A57DAC}"
EndProject
Project("{9A19103F-16F7-4668-BE54-9A1E7A4F7556}") = "Shared", "src\Shared\Shared\Shared.csproj", "{29988FA4-F4E0-4A10-AA3F-EA7CAAEFCA82}"
EndProject
Project("{E53339B2-1760-4266-BCC7-CA923CBCF16C}") = "docker-compose", "docker-compose.dcproj", "{AD7C5166-36ED-4E58-807C-89383B3A27C4}"
EndProject
Project("{9A19103F-16F7-4668-BE54-9A1E7A4F7556}") = "Catalog.Contracts", "src\Modules\Catalog\Catalog.Contracts\Catalog.Contracts.csproj", "{79464243-37D2-4D8E-9BFB-889E731A21CF}"
EndProject
Project("{9A19103F-16F7-4668-BE54-9A1E7A4F7556}") = "Shared.Contracts", "src\Shared\Shared.Contracts\Shared.Contracts.csproj", "{A63CB109-2D2B-4C9A-95DF-AE2DB94097F3}"
EndProject
Project("{FAE04EC0-301F-11D3-BF4B-00C04F79EFBC}") = "Shared.Messaging", "src\Shared\Shared.Messaging\Shared.Messaging.csproj", "{9067A2C2-2905-48F7-8D8E-743C352CA9CB}"
EndProject
Global
	GlobalSection(SolutionConfigurationPlatforms) = preSolution
		Debug|Any CPU = Debug|Any CPU
		Release|Any CPU = Release|Any CPU
	EndGlobalSection
	GlobalSection(ProjectConfigurationPlatforms) = postSolution
		{01FD2C33-CBEC-416C-8021-69635ED57E86}.Debug|Any CPU.ActiveCfg = Debug|Any CPU
		{01FD2C33-CBEC-416C-8021-69635ED57E86}.Debug|Any CPU.Build.0 = Debug|Any CPU
		{01FD2C33-CBEC-416C-8021-69635ED57E86}.Release|Any CPU.ActiveCfg = Release|Any CPU
		{01FD2C33-CBEC-416C-8021-69635ED57E86}.Release|Any CPU.Build.0 = Release|Any CPU
		{4995B41F-B751-45CC-B639-4AF4311AFCC0}.Debug|Any CPU.ActiveCfg = Debug|Any CPU
		{4995B41F-B751-45CC-B639-4AF4311AFCC0}.Debug|Any CPU.Build.0 = Debug|Any CPU
		{4995B41F-B751-45CC-B639-4AF4311AFCC0}.Release|Any CPU.ActiveCfg = Release|Any CPU
		{4995B41F-B751-45CC-B639-4AF4311AFCC0}.Release|Any CPU.Build.0 = Release|Any CPU
		{510F0445-453A-4472-BA03-E1F4B6E0C382}.Debug|Any CPU.ActiveCfg = Debug|Any CPU
		{510F0445-453A-4472-BA03-E1F4B6E0C382}.Debug|Any CPU.Build.0 = Debug|Any CPU
		{510F0445-453A-4472-BA03-E1F4B6E0C382}.Release|Any CPU.ActiveCfg = Release|Any CPU
		{510F0445-453A-4472-BA03-E1F4B6E0C382}.Release|Any CPU.Build.0 = Release|Any CPU
		{C7A4D0FE-43ED-4B1D-91C1-0FE4C1A57DAC}.Debug|Any CPU.ActiveCfg = Debug|Any CPU
		{C7A4D0FE-43ED-4B1D-91C1-0FE4C1A57DAC}.Debug|Any CPU.Build.0 = Debug|Any CPU
		{C7A4D0FE-43ED-4B1D-91C1-0FE4C1A57DAC}.Release|Any CPU.ActiveCfg = Release|Any CPU
		{C7A4D0FE-43ED-4B1D-91C1-0FE4C1A57DAC}.Release|Any CPU.Build.0 = Release|Any CPU
		{29988FA4-F4E0-4A10-AA3F-EA7CAAEFCA82}.Debug|Any CPU.ActiveCfg = Debug|Any CPU
		{29988FA4-F4E0-4A10-AA3F-EA7CAAEFCA82}.Debug|Any CPU.Build.0 = Debug|Any CPU
		{29988FA4-F4E0-4A10-AA3F-EA7CAAEFCA82}.Release|Any CPU.ActiveCfg = Release|Any CPU
		{29988FA4-F4E0-4A10-AA3F-EA7CAAEFCA82}.Release|Any CPU.Build.0 = Release|Any CPU
		{AD7C5166-36ED-4E58-807C-89383B3A27C4}.Debug|Any CPU.ActiveCfg = Debug|Any CPU
		{AD7C5166-36ED-4E58-807C-89383B3A27C4}.Debug|Any CPU.Build.0 = Debug|Any CPU
		{AD7C5166-36ED-4E58-807C-89383B3A27C4}.Release|Any CPU.ActiveCfg = Release|Any CPU
		{AD7C5166-36ED-4E58-807C-89383B3A27C4}.Release|Any CPU.Build.0 = Release|Any CPU
		{79464243-37D2-4D8E-9BFB-889E731A21CF}.Debug|Any CPU.ActiveCfg = Debug|Any CPU
		{79464243-37D2-4D8E-9BFB-889E731A21CF}.Debug|Any CPU.Build.0 = Debug|Any CPU
		{79464243-37D2-4D8E-9BFB-889E731A21CF}.Release|Any CPU.ActiveCfg = Release|Any CPU
		{79464243-37D2-4D8E-9BFB-889E731A21CF}.Release|Any CPU.Build.0 = Release|Any CPU
		{A63CB109-2D2B-4C9A-95DF-AE2DB94097F3}.Debug|Any CPU.ActiveCfg = Debug|Any CPU
		{A63CB109-2D2B-4C9A-95DF-AE2DB94097F3}.Debug|Any CPU.Build.0 = Debug|Any CPU
		{A63CB109-2D2B-4C9A-95DF-AE2DB94097F3}.Release|Any CPU.ActiveCfg = Release|Any CPU
		{A63CB109-2D2B-4C9A-95DF-AE2DB94097F3}.Release|Any CPU.Build.0 = Release|Any CPU
		{9067A2C2-2905-48F7-8D8E-743C352CA9CB}.Debug|Any CPU.ActiveCfg = Debug|Any CPU
		{9067A2C2-2905-48F7-8D8E-743C352CA9CB}.Debug|Any CPU.Build.0 = Debug|Any CPU
		{9067A2C2-2905-48F7-8D8E-743C352CA9CB}.Release|Any CPU.ActiveCfg = Release|Any CPU
		{9067A2C2-2905-48F7-8D8E-743C352CA9CB}.Release|Any CPU.Build.0 = Release|Any CPU
	EndGlobalSection
	GlobalSection(SolutionProperties) = preSolution
		HideSolutionNode = FALSE
	EndGlobalSection
	GlobalSection(NestedProjects) = preSolution
		{7EECE721-11A8-4A94-ACBE-15278F4DAFA6} = {6A5A000D-77B5-4254-AE5B-C92A8D854B5A}
		{0F5F3699-8A44-4C63-BC73-C566A00CA9C9} = {6A5A000D-77B5-4254-AE5B-C92A8D854B5A}
		{7EFF1467-A2D7-454A-95A6-A2CEB72963B2} = {6A5A000D-77B5-4254-AE5B-C92A8D854B5A}
		{01FD2C33-CBEC-416C-8021-69635ED57E86} = {7EECE721-11A8-4A94-ACBE-15278F4DAFA6}
		{81640578-474C-4D31-B972-E1CF0DDA84AF} = {0F5F3699-8A44-4C63-BC73-C566A00CA9C9}
		{B79F605F-62F9-4B97-B760-FAD570BA61B3} = {0F5F3699-8A44-4C63-BC73-C566A00CA9C9}
		{3D1F4ABF-418D-476A-BC2C-BAC8F46E27DE} = {0F5F3699-8A44-4C63-BC73-C566A00CA9C9}
		{4995B41F-B751-45CC-B639-4AF4311AFCC0} = {81640578-474C-4D31-B972-E1CF0DDA84AF}
		{510F0445-453A-4472-BA03-E1F4B6E0C382} = {B79F605F-62F9-4B97-B760-FAD570BA61B3}
		{C7A4D0FE-43ED-4B1D-91C1-0FE4C1A57DAC} = {3D1F4ABF-418D-476A-BC2C-BAC8F46E27DE}
		{29988FA4-F4E0-4A10-AA3F-EA7CAAEFCA82} = {7EFF1467-A2D7-454A-95A6-A2CEB72963B2}
		{79464243-37D2-4D8E-9BFB-889E731A21CF} = {81640578-474C-4D31-B972-E1CF0DDA84AF}
		{A63CB109-2D2B-4C9A-95DF-AE2DB94097F3} = {7EFF1467-A2D7-454A-95A6-A2CEB72963B2}
		{9067A2C2-2905-48F7-8D8E-743C352CA9CB} = {7EFF1467-A2D7-454A-95A6-A2CEB72963B2}
	EndGlobalSection
	GlobalSection(ExtensibilityGlobals) = postSolution
		SolutionGuid = {12BD7519-CBF9-4CDC-831A-4A4A3F8C8CEC}
	EndGlobalSection
EndGlobal
